// !$*UTF8*$!
{
	archiveVersion = 1;
	classes = {
	};
	objectVersion = 51;
	objects = {

/* Begin PBXBuildFile section */
		1A8AFAD17C82AEC8298EC967 /* Pods_InstagramCellExample_InstagramCellExampleUITests.framework in Frameworks */ = {isa = PBXBuildFile; fileRef = DBAD11CD5E40ADF908D04CE1 /* Pods_InstagramCellExample_InstagramCellExampleUITests.framework */; };
		475F102FF7A5D2EEDA8B8CC4 /* Pods_InstagramCellExample.framework in Frameworks */ = {isa = PBXBuildFile; fileRef = D0F33280F900AAED1B55E7F5 /* Pods_InstagramCellExample.framework */; };
		8CE964B625F145490058E645 /* AppDelegate.swift in Sources */ = {isa = PBXBuildFile; fileRef = 8CE964B525F145490058E645 /* AppDelegate.swift */; };
		8CE964B825F145490058E645 /* SceneDelegate.swift in Sources */ = {isa = PBXBuildFile; fileRef = 8CE964B725F145490058E645 /* SceneDelegate.swift */; };
		8CE964BA25F145490058E645 /* ViewController.swift in Sources */ = {isa = PBXBuildFile; fileRef = 8CE964B925F145490058E645 /* ViewController.swift */; };
		8CE964BF25F1454B0058E645 /* Assets.xcassets in Resources */ = {isa = PBXBuildFile; fileRef = 8CE964BE25F1454B0058E645 /* Assets.xcassets */; };
		8CE964C225F1454B0058E645 /* LaunchScreen.storyboard in Resources */ = {isa = PBXBuildFile; fileRef = 8CE964C025F1454B0058E645 /* LaunchScreen.storyboard */; };
		8CE964CD25F1454B0058E645 /* InstagramCellExampleTests.swift in Sources */ = {isa = PBXBuildFile; fileRef = 8CE964CC25F1454B0058E645 /* InstagramCellExampleTests.swift */; };
		8CE964D825F1454B0058E645 /* InstagramCellExampleUITests.swift in Sources */ = {isa = PBXBuildFile; fileRef = 8CE964D725F1454B0058E645 /* InstagramCellExampleUITests.swift */; };
		D9DA5BA9BB5EEBC5780E2699 /* Pods_InstagramCellExampleTests.framework in Frameworks */ = {isa = PBXBuildFile; fileRef = 9C5D6E081D66B8493DF27AAF /* Pods_InstagramCellExampleTests.framework */; };
/* End PBXBuildFile section */

/* Begin PBXContainerItemProxy section */
		8CE964C925F1454B0058E645 /* PBXContainerItemProxy */ = {
			isa = PBXContainerItemProxy;
			containerPortal = 8CE964AA25F145490058E645 /* Project object */;
			proxyType = 1;
			remoteGlobalIDString = 8CE964B125F145490058E645;
			remoteInfo = InstagramCellExample;
		};
		8CE964D425F1454B0058E645 /* PBXContainerItemProxy */ = {
			isa = PBXContainerItemProxy;
			containerPortal = 8CE964AA25F145490058E645 /* Project object */;
			proxyType = 1;
			remoteGlobalIDString = 8CE964B125F145490058E645;
			remoteInfo = InstagramCellExample;
		};
/* End PBXContainerItemProxy section */

/* Begin PBXFileReference section */
		0185796D780061E36C2926ED /* Pods-InstagramCellExample.release.xcconfig */ = {isa = PBXFileReference; includeInIndex = 1; lastKnownFileType = text.xcconfig; name = "Pods-InstagramCellExample.release.xcconfig"; path = "Target Support Files/Pods-InstagramCellExample/Pods-InstagramCellExample.release.xcconfig"; sourceTree = "<group>"; };
		582B547E18CF4306B240A04E /* Pods-InstagramCellExampleTests.debug.xcconfig */ = {isa = PBXFileReference; includeInIndex = 1; lastKnownFileType = text.xcconfig; name = "Pods-InstagramCellExampleTests.debug.xcconfig"; path = "Target Support Files/Pods-InstagramCellExampleTests/Pods-InstagramCellExampleTests.debug.xcconfig"; sourceTree = "<group>"; };
		8CE964B225F145490058E645 /* InstagramCellExample.app */ = {isa = PBXFileReference; explicitFileType = wrapper.application; includeInIndex = 0; path = InstagramCellExample.app; sourceTree = BUILT_PRODUCTS_DIR; };
		8CE964B525F145490058E645 /* AppDelegate.swift */ = {isa = PBXFileReference; lastKnownFileType = sourcecode.swift; path = AppDelegate.swift; sourceTree = "<group>"; };
		8CE964B725F145490058E645 /* SceneDelegate.swift */ = {isa = PBXFileReference; lastKnownFileType = sourcecode.swift; path = SceneDelegate.swift; sourceTree = "<group>"; };
		8CE964B925F145490058E645 /* ViewController.swift */ = {isa = PBXFileReference; lastKnownFileType = sourcecode.swift; path = ViewController.swift; sourceTree = "<group>"; };
		8CE964BE25F1454B0058E645 /* Assets.xcassets */ = {isa = PBXFileReference; lastKnownFileType = folder.assetcatalog; path = Assets.xcassets; sourceTree = "<group>"; };
		8CE964C125F1454B0058E645 /* Base */ = {isa = PBXFileReference; lastKnownFileType = file.storyboard; name = Base; path = Base.lproj/LaunchScreen.storyboard; sourceTree = "<group>"; };
		8CE964C325F1454B0058E645 /* Info.plist */ = {isa = PBXFileReference; lastKnownFileType = text.plist.xml; path = Info.plist; sourceTree = "<group>"; };
		8CE964C825F1454B0058E645 /* InstagramCellExampleTests.xctest */ = {isa = PBXFileReference; explicitFileType = wrapper.cfbundle; includeInIndex = 0; path = InstagramCellExampleTests.xctest; sourceTree = BUILT_PRODUCTS_DIR; };
		8CE964CC25F1454B0058E645 /* InstagramCellExampleTests.swift */ = {isa = PBXFileReference; lastKnownFileType = sourcecode.swift; path = InstagramCellExampleTests.swift; sourceTree = "<group>"; };
		8CE964CE25F1454B0058E645 /* Info.plist */ = {isa = PBXFileReference; lastKnownFileType = text.plist.xml; path = Info.plist; sourceTree = "<group>"; };
		8CE964D325F1454B0058E645 /* InstagramCellExampleUITests.xctest */ = {isa = PBXFileReference; explicitFileType = wrapper.cfbundle; includeInIndex = 0; path = InstagramCellExampleUITests.xctest; sourceTree = BUILT_PRODUCTS_DIR; };
		8CE964D725F1454B0058E645 /* InstagramCellExampleUITests.swift */ = {isa = PBXFileReference; lastKnownFileType = sourcecode.swift; path = InstagramCellExampleUITests.swift; sourceTree = "<group>"; };
		8CE964D925F1454B0058E645 /* Info.plist */ = {isa = PBXFileReference; lastKnownFileType = text.plist.xml; path = Info.plist; sourceTree = "<group>"; };
		9C5D6E081D66B8493DF27AAF /* Pods_InstagramCellExampleTests.framework */ = {isa = PBXFileReference; explicitFileType = wrapper.framework; includeInIndex = 0; path = Pods_InstagramCellExampleTests.framework; sourceTree = BUILT_PRODUCTS_DIR; };
		AE3E8E7FAEB6F2EB2C0B3382 /* Pods-InstagramCellExample-InstagramCellExampleUITests.debug.xcconfig */ = {isa = PBXFileReference; includeInIndex = 1; lastKnownFileType = text.xcconfig; name = "Pods-InstagramCellExample-InstagramCellExampleUITests.debug.xcconfig"; path = "Target Support Files/Pods-InstagramCellExample-InstagramCellExampleUITests/Pods-InstagramCellExample-InstagramCellExampleUITests.debug.xcconfig"; sourceTree = "<group>"; };
		BB61963C7A829AEF2FEADE45 /* Pods-InstagramCellExample-InstagramCellExampleUITests.release.xcconfig */ = {isa = PBXFileReference; includeInIndex = 1; lastKnownFileType = text.xcconfig; name = "Pods-InstagramCellExample-InstagramCellExampleUITests.release.xcconfig"; path = "Target Support Files/Pods-InstagramCellExample-InstagramCellExampleUITests/Pods-InstagramCellExample-InstagramCellExampleUITests.release.xcconfig"; sourceTree = "<group>"; };
		BB82B30C660C62435FD9C566 /* Pods-InstagramCellExampleTests.release.xcconfig */ = {isa = PBXFileReference; includeInIndex = 1; lastKnownFileType = text.xcconfig; name = "Pods-InstagramCellExampleTests.release.xcconfig"; path = "Target Support Files/Pods-InstagramCellExampleTests/Pods-InstagramCellExampleTests.release.xcconfig"; sourceTree = "<group>"; };
		D0F33280F900AAED1B55E7F5 /* Pods_InstagramCellExample.framework */ = {isa = PBXFileReference; explicitFileType = wrapper.framework; includeInIndex = 0; path = Pods_InstagramCellExample.framework; sourceTree = BUILT_PRODUCTS_DIR; };
		DBAD11CD5E40ADF908D04CE1 /* Pods_InstagramCellExample_InstagramCellExampleUITests.framework */ = {isa = PBXFileReference; explicitFileType = wrapper.framework; includeInIndex = 0; path = Pods_InstagramCellExample_InstagramCellExampleUITests.framework; sourceTree = BUILT_PRODUCTS_DIR; };
		F716409C4EC2C64DDE843A59 /* Pods-InstagramCellExample.debug.xcconfig */ = {isa = PBXFileReference; includeInIndex = 1; lastKnownFileType = text.xcconfig; name = "Pods-InstagramCellExample.debug.xcconfig"; path = "Target Support Files/Pods-InstagramCellExample/Pods-InstagramCellExample.debug.xcconfig"; sourceTree = "<group>"; };
/* End PBXFileReference section */

/* Begin PBXFrameworksBuildPhase section */
		8CE964AF25F145490058E645 /* Frameworks */ = {
			isa = PBXFrameworksBuildPhase;
			buildActionMask = 2147483647;
			files = (
				475F102FF7A5D2EEDA8B8CC4 /* Pods_InstagramCellExample.framework in Frameworks */,
			);
			runOnlyForDeploymentPostprocessing = 0;
		};
		8CE964C525F1454B0058E645 /* Frameworks */ = {
			isa = PBXFrameworksBuildPhase;
			buildActionMask = 2147483647;
			files = (
				D9DA5BA9BB5EEBC5780E2699 /* Pods_InstagramCellExampleTests.framework in Frameworks */,
			);
			runOnlyForDeploymentPostprocessing = 0;
		};
		8CE964D025F1454B0058E645 /* Frameworks */ = {
			isa = PBXFrameworksBuildPhase;
			buildActionMask = 2147483647;
			files = (
				1A8AFAD17C82AEC8298EC967 /* Pods_InstagramCellExample_InstagramCellExampleUITests.framework in Frameworks */,
			);
			runOnlyForDeploymentPostprocessing = 0;
		};
/* End PBXFrameworksBuildPhase section */

/* Begin PBXGroup section */
		8CE964A925F145490058E645 = {
			isa = PBXGroup;
			children = (
				8CE964B425F145490058E645 /* InstagramCellExample */,
				8CE964CB25F1454B0058E645 /* InstagramCellExampleTests */,
				8CE964D625F1454B0058E645 /* InstagramCellExampleUITests */,
				8CE964B325F145490058E645 /* Products */,
				DC0E6F55B038F6CF35A59DB7 /* Pods */,
				B9A987C009791064CF29F175 /* Frameworks */,
			);
			sourceTree = "<group>";
		};
		8CE964B325F145490058E645 /* Products */ = {
			isa = PBXGroup;
			children = (
				8CE964B225F145490058E645 /* InstagramCellExample.app */,
				8CE964C825F1454B0058E645 /* InstagramCellExampleTests.xctest */,
				8CE964D325F1454B0058E645 /* InstagramCellExampleUITests.xctest */,
			);
			name = Products;
			sourceTree = "<group>";
		};
		8CE964B425F145490058E645 /* InstagramCellExample */ = {
			isa = PBXGroup;
			children = (
				8CE964B525F145490058E645 /* AppDelegate.swift */,
				8CE964B725F145490058E645 /* SceneDelegate.swift */,
				8CE964B925F145490058E645 /* ViewController.swift */,
				8CE964BE25F1454B0058E645 /* Assets.xcassets */,
				8CE964C025F1454B0058E645 /* LaunchScreen.storyboard */,
				8CE964C325F1454B0058E645 /* Info.plist */,
			);
			path = InstagramCellExample;
			sourceTree = "<group>";
		};
		8CE964CB25F1454B0058E645 /* InstagramCellExampleTests */ = {
			isa = PBXGroup;
			children = (
				8CE964CC25F1454B0058E645 /* InstagramCellExampleTests.swift */,
				8CE964CE25F1454B0058E645 /* Info.plist */,
			);
			path = InstagramCellExampleTests;
			sourceTree = "<group>";
		};
		8CE964D625F1454B0058E645 /* InstagramCellExampleUITests */ = {
			isa = PBXGroup;
			children = (
				8CE964D725F1454B0058E645 /* InstagramCellExampleUITests.swift */,
				8CE964D925F1454B0058E645 /* Info.plist */,
			);
			path = InstagramCellExampleUITests;
			sourceTree = "<group>";
		};
		B9A987C009791064CF29F175 /* Frameworks */ = {
			isa = PBXGroup;
			children = (
				D0F33280F900AAED1B55E7F5 /* Pods_InstagramCellExample.framework */,
				DBAD11CD5E40ADF908D04CE1 /* Pods_InstagramCellExample_InstagramCellExampleUITests.framework */,
				9C5D6E081D66B8493DF27AAF /* Pods_InstagramCellExampleTests.framework */,
			);
			name = Frameworks;
			sourceTree = "<group>";
		};
		DC0E6F55B038F6CF35A59DB7 /* Pods */ = {
			isa = PBXGroup;
			children = (
				F716409C4EC2C64DDE843A59 /* Pods-InstagramCellExample.debug.xcconfig */,
				0185796D780061E36C2926ED /* Pods-InstagramCellExample.release.xcconfig */,
				AE3E8E7FAEB6F2EB2C0B3382 /* Pods-InstagramCellExample-InstagramCellExampleUITests.debug.xcconfig */,
				BB61963C7A829AEF2FEADE45 /* Pods-InstagramCellExample-InstagramCellExampleUITests.release.xcconfig */,
				582B547E18CF4306B240A04E /* Pods-InstagramCellExampleTests.debug.xcconfig */,
				BB82B30C660C62435FD9C566 /* Pods-InstagramCellExampleTests.release.xcconfig */,
			);
			path = Pods;
			sourceTree = "<group>";
		};
/* End PBXGroup section */

/* Begin PBXNativeTarget section */
		8CE964B125F145490058E645 /* InstagramCellExample */ = {
			isa = PBXNativeTarget;
			buildConfigurationList = 8CE964DC25F1454B0058E645 /* Build configuration list for PBXNativeTarget "InstagramCellExample" */;
			buildPhases = (
				81C9DD2A297FFF1BC425B435 /* [CP] Check Pods Manifest.lock */,
				8CE964AE25F145490058E645 /* Sources */,
				8CE964AF25F145490058E645 /* Frameworks */,
				8CE964B025F145490058E645 /* Resources */,
				EE23D6556F82B59C15F82FED /* [CP] Embed Pods Frameworks */,
			);
			buildRules = (
			);
			dependencies = (
			);
			name = InstagramCellExample;
			productName = InstagramCellExample;
			productReference = 8CE964B225F145490058E645 /* InstagramCellExample.app */;
			productType = "com.apple.product-type.application";
		};
		8CE964C725F1454B0058E645 /* InstagramCellExampleTests */ = {
			isa = PBXNativeTarget;
			buildConfigurationList = 8CE964DF25F1454B0058E645 /* Build configuration list for PBXNativeTarget "InstagramCellExampleTests" */;
			buildPhases = (
				653EC9DF925900B90E4C0792 /* [CP] Check Pods Manifest.lock */,
				8CE964C425F1454B0058E645 /* Sources */,
				8CE964C525F1454B0058E645 /* Frameworks */,
				8CE964C625F1454B0058E645 /* Resources */,
			);
			buildRules = (
			);
			dependencies = (
				8CE964CA25F1454B0058E645 /* PBXTargetDependency */,
			);
			name = InstagramCellExampleTests;
			productName = InstagramCellExampleTests;
			productReference = 8CE964C825F1454B0058E645 /* InstagramCellExampleTests.xctest */;
			productType = "com.apple.product-type.bundle.unit-test";
		};
		8CE964D225F1454B0058E645 /* InstagramCellExampleUITests */ = {
			isa = PBXNativeTarget;
			buildConfigurationList = 8CE964E225F1454B0058E645 /* Build configuration list for PBXNativeTarget "InstagramCellExampleUITests" */;
			buildPhases = (
				5743CE43E2E3FF3E08ADB7F9 /* [CP] Check Pods Manifest.lock */,
				8CE964CF25F1454B0058E645 /* Sources */,
				8CE964D025F1454B0058E645 /* Frameworks */,
				8CE964D125F1454B0058E645 /* Resources */,
				F105C29EEDD08DE0B48C456D /* [CP] Embed Pods Frameworks */,
			);
			buildRules = (
			);
			dependencies = (
				8CE964D525F1454B0058E645 /* PBXTargetDependency */,
			);
			name = InstagramCellExampleUITests;
			productName = InstagramCellExampleUITests;
			productReference = 8CE964D325F1454B0058E645 /* InstagramCellExampleUITests.xctest */;
			productType = "com.apple.product-type.bundle.ui-testing";
		};
/* End PBXNativeTarget section */

/* Begin PBXProject section */
		8CE964AA25F145490058E645 /* Project object */ = {
			isa = PBXProject;
			attributes = {
				LastSwiftUpdateCheck = 1230;
				LastUpgradeCheck = 1230;
				TargetAttributes = {
					8CE964B125F145490058E645 = {
						CreatedOnToolsVersion = 12.3;
					};
					8CE964C725F1454B0058E645 = {
						CreatedOnToolsVersion = 12.3;
						TestTargetID = 8CE964B125F145490058E645;
					};
					8CE964D225F1454B0058E645 = {
						CreatedOnToolsVersion = 12.3;
						TestTargetID = 8CE964B125F145490058E645;
					};
				};
			};
			buildConfigurationList = 8CE964AD25F145490058E645 /* Build configuration list for PBXProject "InstagramCellExample" */;
			compatibilityVersion = "Xcode 9.3";
			developmentRegion = en;
			hasScannedForEncodings = 0;
			knownRegions = (
				en,
				Base,
			);
			mainGroup = 8CE964A925F145490058E645;
			productRefGroup = 8CE964B325F145490058E645 /* Products */;
			projectDirPath = "";
			projectRoot = "";
			targets = (
				8CE964B125F145490058E645 /* InstagramCellExample */,
				8CE964C725F1454B0058E645 /* InstagramCellExampleTests */,
				8CE964D225F1454B0058E645 /* InstagramCellExampleUITests */,
			);
		};
/* End PBXProject section */

/* Begin PBXResourcesBuildPhase section */
		8CE964B025F145490058E645 /* Resources */ = {
			isa = PBXResourcesBuildPhase;
			buildActionMask = 2147483647;
			files = (
				8CE964C225F1454B0058E645 /* LaunchScreen.storyboard in Resources */,
				8CE964BF25F1454B0058E645 /* Assets.xcassets in Resources */,
			);
			runOnlyForDeploymentPostprocessing = 0;
		};
		8CE964C625F1454B0058E645 /* Resources */ = {
			isa = PBXResourcesBuildPhase;
			buildActionMask = 2147483647;
			files = (
			);
			runOnlyForDeploymentPostprocessing = 0;
		};
		8CE964D125F1454B0058E645 /* Resources */ = {
			isa = PBXResourcesBuildPhase;
			buildActionMask = 2147483647;
			files = (
			);
			runOnlyForDeploymentPostprocessing = 0;
		};
/* End PBXResourcesBuildPhase section */

/* Begin PBXShellScriptBuildPhase section */
		5743CE43E2E3FF3E08ADB7F9 /* [CP] Check Pods Manifest.lock */ = {
			isa = PBXShellScriptBuildPhase;
			buildActionMask = 2147483647;
			files = (
			);
			inputFileListPaths = (
			);
			inputPaths = (
				"${PODS_PODFILE_DIR_PATH}/Podfile.lock",
				"${PODS_ROOT}/Manifest.lock",
			);
			name = "[CP] Check Pods Manifest.lock";
			outputFileListPaths = (
			);
			outputPaths = (
				"$(DERIVED_FILE_DIR)/Pods-InstagramCellExample-InstagramCellExampleUITests-checkManifestLockResult.txt",
			);
			runOnlyForDeploymentPostprocessing = 0;
			shellPath = /bin/sh;
			shellScript = "diff \"${PODS_PODFILE_DIR_PATH}/Podfile.lock\" \"${PODS_ROOT}/Manifest.lock\" > /dev/null\nif [ $? != 0 ] ; then\n    # print error to STDERR\n    echo \"error: The sandbox is not in sync with the Podfile.lock. Run 'pod install' or update your CocoaPods installation.\" >&2\n    exit 1\nfi\n# This output is used by Xcode 'outputs' to avoid re-running this script phase.\necho \"SUCCESS\" > \"${SCRIPT_OUTPUT_FILE_0}\"\n";
			showEnvVarsInLog = 0;
		};
		653EC9DF925900B90E4C0792 /* [CP] Check Pods Manifest.lock */ = {
			isa = PBXShellScriptBuildPhase;
			buildActionMask = 2147483647;
			files = (
			);
			inputFileListPaths = (
			);
			inputPaths = (
				"${PODS_PODFILE_DIR_PATH}/Podfile.lock",
				"${PODS_ROOT}/Manifest.lock",
			);
			name = "[CP] Check Pods Manifest.lock";
			outputFileListPaths = (
			);
			outputPaths = (
				"$(DERIVED_FILE_DIR)/Pods-InstagramCellExampleTests-checkManifestLockResult.txt",
			);
			runOnlyForDeploymentPostprocessing = 0;
			shellPath = /bin/sh;
			shellScript = "diff \"${PODS_PODFILE_DIR_PATH}/Podfile.lock\" \"${PODS_ROOT}/Manifest.lock\" > /dev/null\nif [ $? != 0 ] ; then\n    # print error to STDERR\n    echo \"error: The sandbox is not in sync with the Podfile.lock. Run 'pod install' or update your CocoaPods installation.\" >&2\n    exit 1\nfi\n# This output is used by Xcode 'outputs' to avoid re-running this script phase.\necho \"SUCCESS\" > \"${SCRIPT_OUTPUT_FILE_0}\"\n";
			showEnvVarsInLog = 0;
		};
		81C9DD2A297FFF1BC425B435 /* [CP] Check Pods Manifest.lock */ = {
			isa = PBXShellScriptBuildPhase;
			buildActionMask = 2147483647;
			files = (
			);
			inputFileListPaths = (
			);
			inputPaths = (
				"${PODS_PODFILE_DIR_PATH}/Podfile.lock",
				"${PODS_ROOT}/Manifest.lock",
			);
			name = "[CP] Check Pods Manifest.lock";
			outputFileListPaths = (
			);
			outputPaths = (
				"$(DERIVED_FILE_DIR)/Pods-InstagramCellExample-checkManifestLockResult.txt",
			);
			runOnlyForDeploymentPostprocessing = 0;
			shellPath = /bin/sh;
			shellScript = "diff \"${PODS_PODFILE_DIR_PATH}/Podfile.lock\" \"${PODS_ROOT}/Manifest.lock\" > /dev/null\nif [ $? != 0 ] ; then\n    # print error to STDERR\n    echo \"error: The sandbox is not in sync with the Podfile.lock. Run 'pod install' or update your CocoaPods installation.\" >&2\n    exit 1\nfi\n# This output is used by Xcode 'outputs' to avoid re-running this script phase.\necho \"SUCCESS\" > \"${SCRIPT_OUTPUT_FILE_0}\"\n";
			showEnvVarsInLog = 0;
		};
		EE23D6556F82B59C15F82FED /* [CP] Embed Pods Frameworks */ = {
			isa = PBXShellScriptBuildPhase;
			buildActionMask = 2147483647;
			files = (
			);
			inputFileListPaths = (
				"${PODS_ROOT}/Target Support Files/Pods-InstagramCellExample/Pods-InstagramCellExample-frameworks-${CONFIGURATION}-input-files.xcfilelist",
			);
			name = "[CP] Embed Pods Frameworks";
			outputFileListPaths = (
				"${PODS_ROOT}/Target Support Files/Pods-InstagramCellExample/Pods-InstagramCellExample-frameworks-${CONFIGURATION}-output-files.xcfilelist",
			);
			runOnlyForDeploymentPostprocessing = 0;
			shellPath = /bin/sh;
			shellScript = "\"${PODS_ROOT}/Target Support Files/Pods-InstagramCellExample/Pods-InstagramCellExample-frameworks.sh\"\n";
			showEnvVarsInLog = 0;
		};
		F105C29EEDD08DE0B48C456D /* [CP] Embed Pods Frameworks */ = {
			isa = PBXShellScriptBuildPhase;
			buildActionMask = 2147483647;
			files = (
			);
			inputFileListPaths = (
				"${PODS_ROOT}/Target Support Files/Pods-InstagramCellExample-InstagramCellExampleUITests/Pods-InstagramCellExample-InstagramCellExampleUITests-frameworks-${CONFIGURATION}-input-files.xcfilelist",
			);
			name = "[CP] Embed Pods Frameworks";
			outputFileListPaths = (
				"${PODS_ROOT}/Target Support Files/Pods-InstagramCellExample-InstagramCellExampleUITests/Pods-InstagramCellExample-InstagramCellExampleUITests-frameworks-${CONFIGURATION}-output-files.xcfilelist",
			);
			runOnlyForDeploymentPostprocessing = 0;
			shellPath = /bin/sh;
			shellScript = "\"${PODS_ROOT}/Target Support Files/Pods-InstagramCellExample-InstagramCellExampleUITests/Pods-InstagramCellExample-InstagramCellExampleUITests-frameworks.sh\"\n";
			showEnvVarsInLog = 0;
		};
/* End PBXShellScriptBuildPhase section */

/* Begin PBXSourcesBuildPhase section */
		8CE964AE25F145490058E645 /* Sources */ = {
			isa = PBXSourcesBuildPhase;
			buildActionMask = 2147483647;
			files = (
				8CE964BA25F145490058E645 /* ViewController.swift in Sources */,
				8CE964B625F145490058E645 /* AppDelegate.swift in Sources */,
				8CE964B825F145490058E645 /* SceneDelegate.swift in Sources */,
			);
			runOnlyForDeploymentPostprocessing = 0;
		};
		8CE964C425F1454B0058E645 /* Sources */ = {
			isa = PBXSourcesBuildPhase;
			buildActionMask = 2147483647;
			files = (
				8CE964CD25F1454B0058E645 /* InstagramCellExampleTests.swift in Sources */,
			);
			runOnlyForDeploymentPostprocessing = 0;
		};
		8CE964CF25F1454B0058E645 /* Sources */ = {
			isa = PBXSourcesBuildPhase;
			buildActionMask = 2147483647;
			files = (
				8CE964D825F1454B0058E645 /* InstagramCellExampleUITests.swift in Sources */,
			);
			runOnlyForDeploymentPostprocessing = 0;
		};
/* End PBXSourcesBuildPhase section */

/* Begin PBXTargetDependency section */
		8CE964CA25F1454B0058E645 /* PBXTargetDependency */ = {
			isa = PBXTargetDependency;
			target = 8CE964B125F145490058E645 /* InstagramCellExample */;
			targetProxy = 8CE964C925F1454B0058E645 /* PBXContainerItemProxy */;
		};
		8CE964D525F1454B0058E645 /* PBXTargetDependency */ = {
			isa = PBXTargetDependency;
			target = 8CE964B125F145490058E645 /* InstagramCellExample */;
			targetProxy = 8CE964D425F1454B0058E645 /* PBXContainerItemProxy */;
		};
/* End PBXTargetDependency section */

/* Begin PBXVariantGroup section */
		8CE964C025F1454B0058E645 /* LaunchScreen.storyboard */ = {
			isa = PBXVariantGroup;
			children = (
				8CE964C125F1454B0058E645 /* Base */,
			);
			name = LaunchScreen.storyboard;
			sourceTree = "<group>";
		};
/* End PBXVariantGroup section */

/* Begin XCBuildConfiguration section */
		8CE964DA25F1454B0058E645 /* Debug */ = {
			isa = XCBuildConfiguration;
			buildSettings = {
				ALWAYS_SEARCH_USER_PATHS = NO;
				CLANG_ANALYZER_NONNULL = YES;
				CLANG_ANALYZER_NUMBER_OBJECT_CONVERSION = YES_AGGRESSIVE;
				CLANG_CXX_LANGUAGE_STANDARD = "gnu++14";
				CLANG_CXX_LIBRARY = "libc++";
				CLANG_ENABLE_MODULES = YES;
				CLANG_ENABLE_OBJC_ARC = YES;
				CLANG_ENABLE_OBJC_WEAK = YES;
				CLANG_WARN_BLOCK_CAPTURE_AUTORELEASING = YES;
				CLANG_WARN_BOOL_CONVERSION = YES;
				CLANG_WARN_COMMA = YES;
				CLANG_WARN_CONSTANT_CONVERSION = YES;
				CLANG_WARN_DEPRECATED_OBJC_IMPLEMENTATIONS = YES;
				CLANG_WARN_DIRECT_OBJC_ISA_USAGE = YES_ERROR;
				CLANG_WARN_DOCUMENTATION_COMMENTS = YES;
				CLANG_WARN_EMPTY_BODY = YES;
				CLANG_WARN_ENUM_CONVERSION = YES;
				CLANG_WARN_INFINITE_RECURSION = YES;
				CLANG_WARN_INT_CONVERSION = YES;
				CLANG_WARN_NON_LITERAL_NULL_CONVERSION = YES;
				CLANG_WARN_OBJC_IMPLICIT_RETAIN_SELF = YES;
				CLANG_WARN_OBJC_LITERAL_CONVERSION = YES;
				CLANG_WARN_OBJC_ROOT_CLASS = YES_ERROR;
				CLANG_WARN_QUOTED_INCLUDE_IN_FRAMEWORK_HEADER = YES;
				CLANG_WARN_RANGE_LOOP_ANALYSIS = YES;
				CLANG_WARN_STRICT_PROTOTYPES = YES;
				CLANG_WARN_SUSPICIOUS_MOVE = YES;
				CLANG_WARN_UNGUARDED_AVAILABILITY = YES_AGGRESSIVE;
				CLANG_WARN_UNREACHABLE_CODE = YES;
				CLANG_WARN__DUPLICATE_METHOD_MATCH = YES;
				COPY_PHASE_STRIP = NO;
				DEBUG_INFORMATION_FORMAT = dwarf;
				ENABLE_STRICT_OBJC_MSGSEND = YES;
				ENABLE_TESTABILITY = YES;
				GCC_C_LANGUAGE_STANDARD = gnu11;
				GCC_DYNAMIC_NO_PIC = NO;
				GCC_NO_COMMON_BLOCKS = YES;
				GCC_OPTIMIZATION_LEVEL = 0;
				GCC_PREPROCESSOR_DEFINITIONS = (
					"DEBUG=1",
					"$(inherited)",
				);
				GCC_WARN_64_TO_32_BIT_CONVERSION = YES;
				GCC_WARN_ABOUT_RETURN_TYPE = YES_ERROR;
				GCC_WARN_UNDECLARED_SELECTOR = YES;
				GCC_WARN_UNINITIALIZED_AUTOS = YES_AGGRESSIVE;
				GCC_WARN_UNUSED_FUNCTION = YES;
				GCC_WARN_UNUSED_VARIABLE = YES;
				IPHONEOS_DEPLOYMENT_TARGET = 14.3;
				MTL_ENABLE_DEBUG_INFO = INCLUDE_SOURCE;
				MTL_FAST_MATH = YES;
				ONLY_ACTIVE_ARCH = YES;
				SDKROOT = iphoneos;
				SWIFT_ACTIVE_COMPILATION_CONDITIONS = DEBUG;
				SWIFT_OPTIMIZATION_LEVEL = "-Onone";
			};
			name = Debug;
		};
		8CE964DB25F1454B0058E645 /* Release */ = {
			isa = XCBuildConfiguration;
			buildSettings = {
				ALWAYS_SEARCH_USER_PATHS = NO;
				CLANG_ANALYZER_NONNULL = YES;
				CLANG_ANALYZER_NUMBER_OBJECT_CONVERSION = YES_AGGRESSIVE;
				CLANG_CXX_LANGUAGE_STANDARD = "gnu++14";
				CLANG_CXX_LIBRARY = "libc++";
				CLANG_ENABLE_MODULES = YES;
				CLANG_ENABLE_OBJC_ARC = YES;
				CLANG_ENABLE_OBJC_WEAK = YES;
				CLANG_WARN_BLOCK_CAPTURE_AUTORELEASING = YES;
				CLANG_WARN_BOOL_CONVERSION = YES;
				CLANG_WARN_COMMA = YES;
				CLANG_WARN_CONSTANT_CONVERSION = YES;
				CLANG_WARN_DEPRECATED_OBJC_IMPLEMENTATIONS = YES;
				CLANG_WARN_DIRECT_OBJC_ISA_USAGE = YES_ERROR;
				CLANG_WARN_DOCUMENTATION_COMMENTS = YES;
				CLANG_WARN_EMPTY_BODY = YES;
				CLANG_WARN_ENUM_CONVERSION = YES;
				CLANG_WARN_INFINITE_RECURSION = YES;
				CLANG_WARN_INT_CONVERSION = YES;
				CLANG_WARN_NON_LITERAL_NULL_CONVERSION = YES;
				CLANG_WARN_OBJC_IMPLICIT_RETAIN_SELF = YES;
				CLANG_WARN_OBJC_LITERAL_CONVERSION = YES;
				CLANG_WARN_OBJC_ROOT_CLASS = YES_ERROR;
				CLANG_WARN_QUOTED_INCLUDE_IN_FRAMEWORK_HEADER = YES;
				CLANG_WARN_RANGE_LOOP_ANALYSIS = YES;
				CLANG_WARN_STRICT_PROTOTYPES = YES;
				CLANG_WARN_SUSPICIOUS_MOVE = YES;
				CLANG_WARN_UNGUARDED_AVAILABILITY = YES_AGGRESSIVE;
				CLANG_WARN_UNREACHABLE_CODE = YES;
				CLANG_WARN__DUPLICATE_METHOD_MATCH = YES;
				COPY_PHASE_STRIP = NO;
				DEBUG_INFORMATION_FORMAT = "dwarf-with-dsym";
				ENABLE_NS_ASSERTIONS = NO;
				ENABLE_STRICT_OBJC_MSGSEND = YES;
				GCC_C_LANGUAGE_STANDARD = gnu11;
				GCC_NO_COMMON_BLOCKS = YES;
				GCC_WARN_64_TO_32_BIT_CONVERSION = YES;
				GCC_WARN_ABOUT_RETURN_TYPE = YES_ERROR;
				GCC_WARN_UNDECLARED_SELECTOR = YES;
				GCC_WARN_UNINITIALIZED_AUTOS = YES_AGGRESSIVE;
				GCC_WARN_UNUSED_FUNCTION = YES;
				GCC_WARN_UNUSED_VARIABLE = YES;
				IPHONEOS_DEPLOYMENT_TARGET = 14.3;
				MTL_ENABLE_DEBUG_INFO = NO;
				MTL_FAST_MATH = YES;
				SDKROOT = iphoneos;
				SWIFT_COMPILATION_MODE = wholemodule;
				SWIFT_OPTIMIZATION_LEVEL = "-O";
				VALIDATE_PRODUCT = YES;
			};
			name = Release;
		};
		8CE964DD25F1454B0058E645 /* Debug */ = {
			isa = XCBuildConfiguration;
			baseConfigurationReference = F716409C4EC2C64DDE843A59 /* Pods-InstagramCellExample.debug.xcconfig */;
			buildSettings = {
				ASSETCATALOG_COMPILER_APPICON_NAME = AppIcon;
				ASSETCATALOG_COMPILER_GLOBAL_ACCENT_COLOR_NAME = AccentColor;
				CODE_SIGN_STYLE = Automatic;
				DEVELOPMENT_TEAM = BP9F2YY4PR;
				INFOPLIST_FILE = InstagramCellExample/Info.plist;
				LD_RUNPATH_SEARCH_PATHS = (
					"$(inherited)",
					"@executable_path/Frameworks",
				);
				PRODUCT_BUNDLE_IDENTIFIER = com.MassaM.InstagramCellExample;
				PRODUCT_NAME = "$(TARGET_NAME)";
				SWIFT_VERSION = 5.0;
				TARGETED_DEVICE_FAMILY = "1,2";
			};
			name = Debug;
		};
		8CE964DE25F1454B0058E645 /* Release */ = {
			isa = XCBuildConfiguration;
			baseConfigurationReference = 0185796D780061E36C2926ED /* Pods-InstagramCellExample.release.xcconfig */;
			buildSettings = {
				ASSETCATALOG_COMPILER_APPICON_NAME = AppIcon;
				ASSETCATALOG_COMPILER_GLOBAL_ACCENT_COLOR_NAME = AccentColor;
				CODE_SIGN_STYLE = Automatic;
				DEVELOPMENT_TEAM = BP9F2YY4PR;
				INFOPLIST_FILE = InstagramCellExample/Info.plist;
				LD_RUNPATH_SEARCH_PATHS = (
					"$(inherited)",
					"@executable_path/Frameworks",
				);
				PRODUCT_BUNDLE_IDENTIFIER = com.MassaM.InstagramCellExample;
				PRODUCT_NAME = "$(TARGET_NAME)";
				SWIFT_VERSION = 5.0;
				TARGETED_DEVICE_FAMILY = "1,2";
			};
			name = Release;
		};
		8CE964E025F1454B0058E645 /* Debug */ = {
			isa = XCBuildConfiguration;
			baseConfigurationReference = 582B547E18CF4306B240A04E /* Pods-InstagramCellExampleTests.debug.xcconfig */;
			buildSettings = {
				ALWAYS_EMBED_SWIFT_STANDARD_LIBRARIES = YES;
				BUNDLE_LOADER = "$(TEST_HOST)";
				CODE_SIGN_STYLE = Automatic;
				DEVELOPMENT_TEAM = BP9F2YY4PR;
				INFOPLIST_FILE = InstagramCellExampleTests/Info.plist;
				IPHONEOS_DEPLOYMENT_TARGET = 14.3;
				LD_RUNPATH_SEARCH_PATHS = (
					"$(inherited)",
					"@executable_path/Frameworks",
					"@loader_path/Frameworks",
				);
				PRODUCT_BUNDLE_IDENTIFIER = com.MassaM.InstagramCellExampleTests;
				PRODUCT_NAME = "$(TARGET_NAME)";
				SWIFT_VERSION = 5.0;
				TARGETED_DEVICE_FAMILY = "1,2";
				TEST_HOST = "$(BUILT_PRODUCTS_DIR)/InstagramCellExample.app/InstagramCellExample";
			};
			name = Debug;
		};
		8CE964E125F1454B0058E645 /* Release */ = {
			isa = XCBuildConfiguration;
			baseConfigurationReference = BB82B30C660C62435FD9C566 /* Pods-InstagramCellExampleTests.release.xcconfig */;
			buildSettings = {
				ALWAYS_EMBED_SWIFT_STANDARD_LIBRARIES = YES;
				BUNDLE_LOADER = "$(TEST_HOST)";
				CODE_SIGN_STYLE = Automatic;
				DEVELOPMENT_TEAM = BP9F2YY4PR;
				INFOPLIST_FILE = InstagramCellExampleTests/Info.plist;
				IPHONEOS_DEPLOYMENT_TARGET = 14.3;
				LD_RUNPATH_SEARCH_PATHS = (
					"$(inherited)",
					"@executable_path/Frameworks",
					"@loader_path/Frameworks",
				);
				PRODUCT_BUNDLE_IDENTIFIER = com.MassaM.InstagramCellExampleTests;
				PRODUCT_NAME = "$(TARGET_NAME)";
				SWIFT_VERSION = 5.0;
				TARGETED_DEVICE_FAMILY = "1,2";
				TEST_HOST = "$(BUILT_PRODUCTS_DIR)/InstagramCellExample.app/InstagramCellExample";
			};
			name = Release;
		};
		8CE964E325F1454B0058E645 /* Debug */ = {
			isa = XCBuildConfiguration;
			baseConfigurationReference = AE3E8E7FAEB6F2EB2C0B3382 /* Pods-InstagramCellExample-InstagramCellExampleUITests.debug.xcconfig */;
			buildSettings = {
				ALWAYS_EMBED_SWIFT_STANDARD_LIBRARIES = YES;
				CODE_SIGN_STYLE = Automatic;
				DEVELOPMENT_TEAM = BP9F2YY4PR;
				INFOPLIST_FILE = InstagramCellExampleUITests/Info.plist;
				LD_RUNPATH_SEARCH_PATHS = (
					"$(inherited)",
					"@executable_path/Frameworks",
					"@loader_path/Frameworks",
				);
				PRODUCT_BUNDLE_IDENTIFIER = com.MassaM.InstagramCellExampleUITests;
				PRODUCT_NAME = "$(TARGET_NAME)";
				SWIFT_VERSION = 5.0;
				TARGETED_DEVICE_FAMILY = "1,2";
				TEST_TARGET_NAME = InstagramCellExample;
			};
			name = Debug;
		};
		8CE964E425F1454B0058E645 /* Release */ = {
			isa = XCBuildConfiguration;
			baseConfigurationReference = BB61963C7A829AEF2FEADE45 /* Pods-InstagramCellExample-InstagramCellExampleUITests.release.xcconfig */;
			buildSettings = {
				ALWAYS_EMBED_SWIFT_STANDARD_LIBRARIES = YES;
				CODE_SIGN_STYLE = Automatic;
				DEVELOPMENT_TEAM = BP9F2YY4PR;
				INFOPLIST_FILE = InstagramCellExampleUITests/Info.plist;
				LD_RUNPATH_SEARCH_PATHS = (
					"$(inherited)",
					"@executable_path/Frameworks",
					"@loader_path/Frameworks",
				);
				PRODUCT_BUNDLE_IDENTIFIER = com.MassaM.InstagramCellExampleUITests;
				PRODUCT_NAME = "$(TARGET_NAME)";
				SWIFT_VERSION = 5.0;
				TARGETED_DEVICE_FAMILY = "1,2";
				TEST_TARGET_NAME = InstagramCellExample;
			};
			name = Release;
		};
/* End XCBuildConfiguration section */

/* Begin XCConfigurationList section */
		8CE964AD25F145490058E645 /* Build configuration list for PBXProject "InstagramCellExample" */ = {
			isa = XCConfigurationList;
			buildConfigurations = (
				8CE964DA25F1454B0058E645 /* Debug */,
				8CE964DB25F1454B0058E645 /* Release */,
			);
			defaultConfigurationIsVisible = 0;
			defaultConfigurationName = Release;
		};
		8CE964DC25F1454B0058E645 /* Build configuration list for PBXNativeTarget "InstagramCellExample" */ = {
			isa = XCConfigurationList;
			buildConfigurations = (
				8CE964DD25F1454B0058E645 /* Debug */,
				8CE964DE25F1454B0058E645 /* Release */,
			);
			defaultConfigurationIsVisible = 0;
			defaultConfigurationName = Release;
		};
		8CE964DF25F1454B0058E645 /* Build configuration list for PBXNativeTarget "InstagramCellExampleTests" */ = {
			isa = XCConfigurationList;
			buildConfigurations = (
				8CE964E025F1454B0058E645 /* Debug */,
				8CE964E125F1454B0058E645 /* Release */,
			);
			defaultConfigurationIsVisible = 0;
			defaultConfigurationName = Release;
		};
		8CE964E225F1454B0058E645 /* Build configuration list for PBXNativeTarget "InstagramCellExampleUITests" */ = {
			isa = XCConfigurationList;
			buildConfigurations = (
				8CE964E325F1454B0058E645 /* Debug */,
				8CE964E425F1454B0058E645 /* Release */,
			);
			defaultConfigurationIsVisible = 0;
			defaultConfigurationName = Release;
		};
/* End XCConfigurationList section */
	};
	rootObject = 8CE964AA25F145490058E645 /* Project object */;
}
